
Microsoft Visual Studio Solution File, Format Version 12.00
# Visual Studio 15
VisualStudioVersion = 15.0.27130.2010
MinimumVisualStudioVersion = 10.0.40219.1
Project("{FAE04EC0-301F-11D3-BF4B-00C04F79EFBC}") = "HnMp.Web", "HnMp.Web\HnMp.Web.csproj", "{3133CCBE-2578-4F68-8202-A58573985787}"
EndProject
Global
	GlobalSection(SolutionConfigurationPlatforms) = preSolution
		Debug|Any CPU = Debug|Any CPU
		Release|Any CPU = Release|Any CPU
	EndGlobalSection
	GlobalSection(ProjectConfigurationPlatforms) = postSolution
		{3133CCBE-2578-4F68-8202-A58573985787}.Debug|Any CPU.ActiveCfg = Debug|Any CPU
		{3133CCBE-2578-4F68-8202-A58573985787}.Debug|Any CPU.Build.0 = Debug|Any CPU
		{3133CCBE-2578-4F68-8202-A58573985787}.Release|Any CPU.ActiveCfg = Release|Any CPU
		{3133CCBE-2578-4F68-8202-A58573985787}.Release|Any CPU.Build.0 = Release|Any CPU
	EndGlobalSection
	GlobalSection(SolutionProperties) = preSolution
		HideSolutionNode = FALSE
	EndGlobalSection
	GlobalSection(ExtensibilityGlobals) = postSolution
		SolutionGuid = {AF24AEAA-4923-4C42-90BF-5537A73BE9C3}
	EndGlobalSection
EndGlobal
